# This file is automatically @generated by Cargo.
# It is not intended for manual editing.
version = 4

[[package]]
name = "alidade"
version = "0.0.2"
dependencies = [
 "alidade-core",
 "alidade-protocol",
]

[[package]]
name = "alidade-core"
version = "0.0.2"
dependencies = [
 "alidade-protocol",
]

[[package]]
name = "alidade-protocol"
version = "0.0.2"
